# @generated - this file is auto-generated by `mise lock` https://mise.jdx.dev/dev-tools/mise-lock.html

lockfile_version = 1

[[tools."cargo:bacon"]]
version = "3.25.0"
backend = "cargo:bacon"
specifiers = ["3.25.0"]

[[tools.dagger]]
version = "0.21.9"
backend = "aqua:dagger/dagger"
specifiers = ["0.21.9"]

[tools.dagger."platforms.linux-arm64"]
checksum = "sha256:3bc8334ccde404f66f0a8e29807e4327c7893990c3211691680c5f07f8273f3a"
url = "https://github.com/dagger/dagger/releases/download/v0.21.9/dagger_v0.21.9_linux_arm64.tar.gz"
url_api = "https://api.github.com/repos/dagger/dagger/releases/assets/530870098"

[tools.dagger."platforms.linux-arm64-musl"]
checksum = "sha256:3bc8334ccde404f66f0a8e29807e4327c7893990c3211691680c5f07f8273f3a"
url = "https://github.com/dagger/dagger/releases/download/v0.21.9/dagger_v0.21.9_linux_arm64.tar.gz"
url_api = "https://api.github.com/repos/dagger/dagger/releases/assets/530870098"

[tools.dagger."platforms.linux-x64"]
checksum = "sha256:33eea0b08d6be444bada18e64b2216459100d6070abcb4b5345cee40c9fff982"
url = "https://github.com/dagger/dagger/releases/download/v0.21.9/dagger_v0.21.9_linux_amd64.tar.gz"
url_api = "https://api.github.com/repos/dagger/dagger/releases/assets/530870096"

[tools.dagger."platforms.linux-x64-musl"]
checksum = "sha256:33eea0b08d6be444bada18e64b2216459100d6070abcb4b5345cee40c9fff982"
url = "https://github.com/dagger/dagger/releases/download/v0.21.9/dagger_v0.21.9_linux_amd64.tar.gz"
url_api = "https://api.github.com/repos/dagger/dagger/releases/assets/530870096"

[tools.dagger."platforms.macos-arm64"]
checksum = "sha256:551a4d5432860547bf4f088181cbd0902668289171959de97568ea0f0ecb35ee"
url = "https://github.com/dagger/dagger/releases/download/v0.21.9/dagger_v0.21.9_darwin_arm64.tar.gz"
url_api = "https://api.github.com/repos/dagger/dagger/releases/assets/530870101"

[tools.dagger."platforms.macos-x64"]
checksum = "sha256:2ed6e998d820bfb4800ed5644e1b9586f03078b14243c7fdf3bdd9e0eb0d5bfe"
url = "https://github.com/dagger/dagger/releases/download/v0.21.9/dagger_v0.21.9_darwin_amd64.tar.gz"
url_api = "https://api.github.com/repos/dagger/dagger/releases/assets/530870097"

[tools.dagger."platforms.windows-x64"]
checksum = "sha256:4ade22eac31f1d6ea364e1e594e1b67c01a62640249b716ccc172407eecc5a01"
url = "https://github.com/dagger/dagger/releases/download/v0.21.9/dagger_v0.21.9_windows_amd64.zip"
url_api = "https://api.github.com/repos/dagger/dagger/releases/assets/530870102"

[[tools."github:cargo-bins/cargo-binstall"]]
version = "1.23.0"
backend = "github:cargo-bins/cargo-binstall"
specifiers = ["1.23.0"]

[tools."github:cargo-bins/cargo-binstall"."platforms.linux-arm64"]
checksum = "sha256:c458cfe9534d1958f159fc17b5f50e839297b4ee752b23ffdd80c5e15a734c42"
url = "https://github.com/cargo-bins/cargo-binstall/releases/download/v1.23.0/cargo-binstall-aarch64-unknown-linux-gnu.tgz"
url_api = "https://api.github.com/repos/cargo-bins/cargo-binstall/releases/assets/546062641"
provenance = "github-attestations"

[tools."github:cargo-bins/cargo-binstall"."platforms.linux-arm64-musl"]
checksum = "sha256:ba9b7bf426c7b7375825cd3fa367c3f8a632ca7c6c546fdcb738114b167f4103"
url = "https://github.com/cargo-bins/cargo-binstall/releases/download/v1.23.0/cargo-binstall-aarch64-unknown-linux-musl.tgz"
url_api = "https://api.github.com/repos/cargo-bins/cargo-binstall/releases/assets/546062597"
provenance = "github-attestations"

[tools."github:cargo-bins/cargo-binstall"."platforms.linux-x64"]
checksum = "sha256:cdada45ad6bb501185ab309f5eef3f628b6bc44460746565cb3e0c7538815bf3"
url = "https://github.com/cargo-bins/cargo-binstall/releases/download/v1.23.0/cargo-binstall-x86_64-unknown-linux-gnu.tgz"
url_api = "https://api.github.com/repos/cargo-bins/cargo-binstall/releases/assets/546062151"
provenance = "github-attestations"

[tools."github:cargo-bins/cargo-binstall"."platforms.linux-x64-musl"]
checksum = "sha256:64bf954c68bb558431deeabecaec7687edd5541c2189ee263bb8bc18bc4fdf55"
url = "https://github.com/cargo-bins/cargo-binstall/releases/download/v1.23.0/cargo-binstall-x86_64-unknown-linux-musl.tgz"
url_api = "https://api.github.com/repos/cargo-bins/cargo-binstall/releases/assets/546062088"
provenance = "github-attestations"

[tools."github:cargo-bins/cargo-binstall"."platforms.macos-arm64"]
checksum = "sha256:0f679c0bc992c6b84fdcbb0f65492588447d26596ef387cb6cb1ba41ad8ceb33"
url = "https://github.com/cargo-bins/cargo-binstall/releases/download/v1.23.0/cargo-binstall-aarch64-apple-darwin.zip"
url_api = "https://api.github.com/repos/cargo-bins/cargo-binstall/releases/assets/546062768"
provenance = "github-attestations"

[tools."github:cargo-bins/cargo-binstall"."platforms.macos-x64"]
checksum = "sha256:5b4d6cd99651318e17a26ed9bab7505de0f496d88793a7735a0fc6e2079efe83"
url = "https://github.com/cargo-bins/cargo-binstall/releases/download/v1.23.0/cargo-binstall-x86_64-apple-darwin.zip"
url_api = "https://api.github.com/repos/cargo-bins/cargo-binstall/releases/assets/546062270"
provenance = "github-attestations"

[tools."github:cargo-bins/cargo-binstall"."platforms.windows-x64"]
checksum = "sha256:f4641479477aca40387e88297e3813fab8e44a8d21f25faa44e0ff33e2bc1726"
url = "https://github.com/cargo-bins/cargo-binstall/releases/download/v1.23.0/cargo-binstall-x86_64-pc-windows-msvc.zip"
url_api = "https://api.github.com/repos/cargo-bins/cargo-binstall/releases/assets/546062212"
provenance = "github-attestations"

[[tools."github:nextest-rs/nextest"]]
version = "0.9.144"
backend = "github:nextest-rs/nextest"
specifiers = ["0.9.144"]

[tools."github:nextest-rs/nextest".options]
version_prefix = "cargo-nextest-"

[tools."github:nextest-rs/nextest"."platforms.linux-arm64"]
checksum = "sha256:7fecfd431b810c05c589d800524286b8f80ce2fe9fb1fef05caf16d095cea407"
url = "https://github.com/nextest-rs/nextest/releases/download/cargo-nextest-0.9.144/cargo-nextest-0.9.144-aarch64-unknown-linux-gnu.tar.gz"
url_api = "https://api.github.com/repos/nextest-rs/nextest/releases/assets/555799802"
provenance = "github-attestations"

[tools."github:nextest-rs/nextest"."platforms.linux-arm64-musl"]
checksum = "sha256:1b17ee6d30820c9c993dd0745fdab5df9b3d8706e67f9bf72c31979180ee60d9"
url = "https://github.com/nextest-rs/nextest/releases/download/cargo-nextest-0.9.144/cargo-nextest-0.9.144-aarch64-unknown-linux-musl.tar.gz"
url_api = "https://api.github.com/repos/nextest-rs/nextest/releases/assets/555798088"
provenance = "github-attestations"

[tools."github:nextest-rs/nextest"."platforms.linux-x64"]
checksum = "sha256:8a4f726272b0a1c499bd87ca3978bfbb1a8c20bb08ccf075b9996e2081bd1e1e"
url = "https://github.com/nextest-rs/nextest/releases/download/cargo-nextest-0.9.144/cargo-nextest-0.9.144-x86_64-unknown-linux-gnu.tar.gz"
url_api = "https://api.github.com/repos/nextest-rs/nextest/releases/assets/555799959"
provenance = "github-attestations"

[tools."github:nextest-rs/nextest"."platforms.linux-x64-musl"]
checksum = "sha256:20ed0a7d3d6f8dda9bb1b0bcb5838aea5784d3e2360746280868996d709dde0a"
url = "https://github.com/nextest-rs/nextest/releases/download/cargo-nextest-0.9.144/cargo-nextest-0.9.144-x86_64-unknown-linux-musl.tar.gz"
url_api = "https://api.github.com/repos/nextest-rs/nextest/releases/assets/555798324"
provenance = "github-attestations"

[tools."github:nextest-rs/nextest"."platforms.macos-arm64"]
checksum = "sha256:87472b2c3ee09154cadd34d168a5cdede478806810f095c3dc4dc499943da42e"
url = "https://github.com/nextest-rs/nextest/releases/download/cargo-nextest-0.9.144/cargo-nextest-0.9.144-universal-apple-darwin.tar.gz"
url_api = "https://api.github.com/repos/nextest-rs/nextest/releases/assets/555817983"
provenance = "github-attestations"

[tools."github:nextest-rs/nextest"."platforms.macos-x64"]
checksum = "sha256:87472b2c3ee09154cadd34d168a5cdede478806810f095c3dc4dc499943da42e"
url = "https://github.com/nextest-rs/nextest/releases/download/cargo-nextest-0.9.144/cargo-nextest-0.9.144-universal-apple-darwin.tar.gz"
url_api = "https://api.github.com/repos/nextest-rs/nextest/releases/assets/555817983"
provenance = "github-attestations"

[tools."github:nextest-rs/nextest"."platforms.windows-x64"]
checksum = "sha256:edc18a0a36912d8add2a4856714aad8c128303c1de471f14716c2453318e719d"
url = "https://github.com/nextest-rs/nextest/releases/download/cargo-nextest-0.9.144/cargo-nextest-0.9.144-x86_64-pc-windows-msvc.zip"
url_api = "https://api.github.com/repos/nextest-rs/nextest/releases/assets/555805898"
provenance = "github-attestations"

[[tools."github:watchexec/watchexec"]]
version = "2.7.2"
backend = "github:watchexec/watchexec"
specifiers = ["2.7.2"]

[tools."github:watchexec/watchexec"."platforms.linux-arm64"]
checksum = "sha256:b41387ec129119500085f34ffed619058cae2c944ed76fada63b30e37bc49b47"
url = "https://github.com/watchexec/watchexec/releases/download/v2.7.2/watchexec-2.7.2-aarch64-unknown-linux-gnu.tar.xz"
url_api = "https://api.github.com/repos/watchexec/watchexec/releases/assets/546730415"

[tools."github:watchexec/watchexec"."platforms.linux-arm64-musl"]
checksum = "sha256:83cbce2ffc85adaab14d6ded09b292f4383358ac6d9a51b4e4e083df0cb7c831"
url = "https://github.com/watchexec/watchexec/releases/download/v2.7.2/watchexec-2.7.2-aarch64-unknown-linux-musl.tar.xz"
url_api = "https://api.github.com/repos/watchexec/watchexec/releases/assets/546730412"

[tools."github:watchexec/watchexec"."platforms.linux-x64"]
checksum = "sha256:b5b3cf6fd45ce2503bae90ba4017f85d62314b427b91c06818ff39a4c46930c4"
url = "https://github.com/watchexec/watchexec/releases/download/v2.7.2/watchexec-2.7.2-x86_64-unknown-linux-gnu.tar.xz"
url_api = "https://api.github.com/repos/watchexec/watchexec/releases/assets/546730436"

[tools."github:watchexec/watchexec"."platforms.linux-x64-musl"]
checksum = "sha256:a2c01f82fb4cdafca1fa12cb88e4a1145dec63364dbdf92664efbaac3bb44dd2"
url = "https://github.com/watchexec/watchexec/releases/download/v2.7.2/watchexec-2.7.2-x86_64-unknown-linux-musl.tar.xz"
url_api = "https://api.github.com/repos/watchexec/watchexec/releases/assets/546730471"

[tools."github:watchexec/watchexec"."platforms.macos-arm64"]
checksum = "sha256:31e553b7160720796266168987c5e0728c388cc4776a26297b6a9feb00ab6437"
url = "https://github.com/watchexec/watchexec/releases/download/v2.7.2/watchexec-2.7.2-aarch64-apple-darwin.tar.xz"
url_api = "https://api.github.com/repos/watchexec/watchexec/releases/assets/546730424"

[tools."github:watchexec/watchexec"."platforms.macos-x64"]
checksum = "sha256:6a5481a14165f30da8826c7ae1ab3501402328834e7e2483d7c8b7ec4e608810"
url = "https://github.com/watchexec/watchexec/releases/download/v2.7.2/watchexec-2.7.2-x86_64-apple-darwin.tar.xz"
url_api = "https://api.github.com/repos/watchexec/watchexec/releases/assets/546730396"

[tools."github:watchexec/watchexec"."platforms.windows-x64"]
checksum = "sha256:aeabeecbd3eaad0bc8f555790eb7437ecd6cf1caae9bb93fb4e678f43f342d1d"
url = "https://github.com/watchexec/watchexec/releases/download/v2.7.2/watchexec-2.7.2-x86_64-pc-windows-msvc.zip"
url_api = "https://api.github.com/repos/watchexec/watchexec/releases/assets/546730427"

[[tools.rust]]
version = "1.97.1"
backend = "core:rust"
specifiers = ["1.97.1"]

[tools.rust.options]
components = "clippy,rust-analyzer,rust-src,rustfmt"
profile = "minimal"
